// !$*UTF8*$!
{
	archiveVersion = 1;
	classes = {
	};
	objectVersion = 50;
	objects = {

/* Begin PBXBuildFile section */
		F962EF8E21DFC2F600139750 /* ArtCollectionViewController.swift in Sources */ = {isa = PBXBuildFile; fileRef = F962EF8D21DFC2F600139750 /* ArtCollectionViewController.swift */; };
		F962EF9521DFC36400139750 /* AbstractionViewController.swift in Sources */ = {isa = PBXBuildFile; fileRef = F962EF9421DFC36400139750 /* AbstractionViewController.swift */; };
		F962EF9821DFC38A00139750 /* BucketItemCell.swift in Sources */ = {isa = PBXBuildFile; fileRef = F962EF9721DFC38A00139750 /* BucketItemCell.swift */; };
		F962EF9A21DFC39A00139750 /* DataViewController.swift in Sources */ = {isa = PBXBuildFile; fileRef = F962EF9921DFC39A00139750 /* DataViewController.swift */; };
		F967041721DFC58A00AC8020 /* DrawingView.swift in Sources */ = {isa = PBXBuildFile; fileRef = F967041521DFC58A00AC8020 /* DrawingView.swift */; };
		F967041821DFC58A00AC8020 /* ArtCell.swift in Sources */ = {isa = PBXBuildFile; fileRef = F967041621DFC58A00AC8020 /* ArtCell.swift */; };
		F99F64AA21E4F81000D6CD61 /* AlgorithmViewController.swift in Sources */ = {isa = PBXBuildFile; fileRef = F99F64A921E4F81000D6CD61 /* AlgorithmViewController.swift */; };
		F99F64AE21E4F8DB00D6CD61 /* BucketItem.swift in Sources */ = {isa = PBXBuildFile; fileRef = F99F64AD21E4F8DB00D6CD61 /* BucketItem.swift */; };
		F9E54E7921DFB5530044CD88 /* AppDelegate.swift in Sources */ = {isa = PBXBuildFile; fileRef = F9E54E7821DFB5530044CD88 /* AppDelegate.swift */; };
		F9E54E7E21DFB5530044CD88 /* Main.storyboard in Resources */ = {isa = PBXBuildFile; fileRef = F9E54E7C21DFB5530044CD88 /* Main.storyboard */; };
		F9E54E8021DFB5690044CD88 /* Assets.xcassets in Resources */ = {isa = PBXBuildFile; fileRef = F9E54E7F21DFB5690044CD88 /* Assets.xcassets */; };
		F9E54E8321DFB5690044CD88 /* LaunchScreen.storyboard in Resources */ = {isa = PBXBuildFile; fileRef = F9E54E8121DFB5690044CD88 /* LaunchScreen.storyboard */; };
/* End PBXBuildFile section */

/* Begin PBXFileReference section */
		F962EF8D21DFC2F600139750 /* ArtCollectionViewController.swift */ = {isa = PBXFileReference; fileEncoding = 4; lastKnownFileType = sourcecode.swift; path = ArtCollectionViewController.swift; sourceTree = "<group>"; };
		F962EF9421DFC36400139750 /* AbstractionViewController.swift */ = {isa = PBXFileReference; fileEncoding = 4; lastKnownFileType = sourcecode.swift; path = AbstractionViewController.swift; sourceTree = "<group>"; };
		F962EF9721DFC38A00139750 /* BucketItemCell.swift */ = {isa = PBXFileReference; fileEncoding = 4; lastKnownFileType = sourcecode.swift; path = BucketItemCell.swift; sourceTree = "<group>"; };
		F962EF9921DFC39A00139750 /* DataViewController.swift */ = {isa = PBXFileReference; fileEncoding = 4; lastKnownFileType = sourcecode.swift; path = DataViewController.swift; sourceTree = "<group>"; };
		F967041521DFC58A00AC8020 /* DrawingView.swift */ = {isa = PBXFileReference; fileEncoding = 4; lastKnownFileType = sourcecode.swift; path = DrawingView.swift; sourceTree = "<group>"; };
		F967041621DFC58A00AC8020 /* ArtCell.swift */ = {isa = PBXFileReference; fileEncoding = 4; lastKnownFileType = sourcecode.swift; path = ArtCell.swift; sourceTree = "<group>"; };
		F99F64A921E4F81000D6CD61 /* AlgorithmViewController.swift */ = {isa = PBXFileReference; fileEncoding = 4; lastKnownFileType = sourcecode.swift; name = AlgorithmViewController.swift; path = ../../../../GuillermoAlgorithm/GuillermoAlgorithm/Controller/AlgorithmViewController.swift; sourceTree = "<group>"; };
		F99F64AD21E4F8DB00D6CD61 /* BucketItem.swift */ = {isa = PBXFileReference; fileEncoding = 4; lastKnownFileType = sourcecode.swift; path = BucketItem.swift; sourceTree = "<group>"; };
		F9E54E7521DFB5520044CD88 /* MegaCSP.app */ = {isa = PBXFileReference; explicitFileType = wrapper.application; includeInIndex = 0; path = MegaCSP.app; sourceTree = BUILT_PRODUCTS_DIR; };
		F9E54E7821DFB5530044CD88 /* AppDelegate.swift */ = {isa = PBXFileReference; lastKnownFileType = sourcecode.swift; path = AppDelegate.swift; sourceTree = "<group>"; };
		F9E54E7D21DFB5530044CD88 /* Base */ = {isa = PBXFileReference; lastKnownFileType = file.storyboard; name = Base; path = Base.lproj/Main.storyboard; sourceTree = "<group>"; };
		F9E54E7F21DFB5690044CD88 /* Assets.xcassets */ = {isa = PBXFileReference; lastKnownFileType = folder.assetcatalog; path = Assets.xcassets; sourceTree = "<group>"; };
		F9E54E8221DFB5690044CD88 /* Base */ = {isa = PBXFileReference; lastKnownFileType = file.storyboard; name = Base; path = Base.lproj/LaunchScreen.storyboard; sourceTree = "<group>"; };
		F9E54E8421DFB5690044CD88 /* Info.plist */ = {isa = PBXFileReference; lastKnownFileType = text.plist.xml; path = Info.plist; sourceTree = "<group>"; };
/* End PBXFileReference section */

/* Begin PBXFrameworksBuildPhase section */
		F9E54E7221DFB5520044CD88 /* Frameworks */ = {
			isa = PBXFrameworksBuildPhase;
			buildActionMask = 2147483647;
			files = (
			);
			runOnlyForDeploymentPostprocessing = 0;
		};
/* End PBXFrameworksBuildPhase section */

/* Begin PBXGroup section */
		F962EF8921DFC21D00139750 /* Algorithm */ = {
			isa = PBXGroup;
			children = (
				F99F64A921E4F81000D6CD61 /* AlgorithmViewController.swift */,
			);
			path = Algorithm;
			sourceTree = "<group>";
		};
		F962EF8C21DFC28A00139750 /* Creativity */ = {
			isa = PBXGroup;
			children = (
				F962EF8D21DFC2F600139750 /* ArtCollectionViewController.swift */,
			);
			path = Creativity;
			sourceTree = "<group>";
		};
		F962EF9321DFC34B00139750 /* Abstractions */ = {
			isa = PBXGroup;
			children = (
				F962EF9421DFC36400139750 /* AbstractionViewController.swift */,
			);
			path = Abstractions;
			sourceTree = "<group>";
		};
		F962EF9621DFC36A00139750 /* Data */ = {
			isa = PBXGroup;
			children = (
				F99F64AC21E4F8BF00D6CD61 /* Model */,
				F962EF9921DFC39A00139750 /* DataViewController.swift */,
				F962EF9721DFC38A00139750 /* BucketItemCell.swift */,
			);
			path = Data;
			sourceTree = "<group>";
		};
		F99F64AC21E4F8BF00D6CD61 /* Model */ = {
			isa = PBXGroup;
			children = (
				F99F64AD21E4F8DB00D6CD61 /* BucketItem.swift */,
			);
			path = Model;
			sourceTree = "<group>";
		};
		F9E54E6C21DFB5520044CD88 = {
			isa = PBXGroup;
			children = (
				F9E54E7721DFB5530044CD88 /* MegaCSP */,
				F9E54E7621DFB5530044CD88 /* Products */,
			);
			sourceTree = "<group>";
		};
		F9E54E7621DFB5530044CD88 /* Products */ = {
			isa = PBXGroup;
			children = (
				F9E54E7521DFB5520044CD88 /* MegaCSP.app */,
			);
			name = Products;
			sourceTree = "<group>";
		};
		F9E54E7721DFB5530044CD88 /* MegaCSP */ = {
			isa = PBXGroup;
			children = (
				F9E54E8A21DFB5E10044CD88 /* Resources  */,
				F9E54E8B21DFB5ED0044CD88 /* Controller */,
				F9E54E8C21DFB5F70044CD88 /* View */,
			);
			path = MegaCSP;
			sourceTree = "<group>";
		};
		F9E54E8A21DFB5E10044CD88 /* Resources  */ = {
			isa = PBXGroup;
			children = (
				F9E54E7821DFB5530044CD88 /* AppDelegate.swift */,
				F9E54E7F21DFB5690044CD88 /* Assets.xcassets */,
				F9E54E8421DFB5690044CD88 /* Info.plist */,
			);
			path = "Resources ";
			sourceTree = "<group>";
		};
		F9E54E8B21DFB5ED0044CD88 /* Controller */ = {
			isa = PBXGroup;
			children = (
				F962EF9621DFC36A00139750 /* Data */,
				F962EF9321DFC34B00139750 /* Abstractions */,
				F962EF8C21DFC28A00139750 /* Creativity */,
				F962EF8921DFC21D00139750 /* Algorithm */,
			);
			path = Controller;
			sourceTree = "<group>";
		};
		F9E54E8C21DFB5F70044CD88 /* View */ = {
			isa = PBXGroup;
			children = (
				F967041621DFC58A00AC8020 /* ArtCell.swift */,
				F967041521DFC58A00AC8020 /* DrawingView.swift */,
				F9E54E7C21DFB5530044CD88 /* Main.storyboard */,
				F9E54E8121DFB5690044CD88 /* LaunchScreen.storyboard */,
			);
			path = View;
			sourceTree = "<group>";
		};
/* End PBXGroup section */

/* Begin PBXNativeTarget section */
		F9E54E7421DFB5520044CD88 /* MegaCSP */ = {
			isa = PBXNativeTarget;
			buildConfigurationList = F9E54E8721DFB5690044CD88 /* Build configuration list for PBXNativeTarget "MegaCSP" */;
			buildPhases = (
				F9E54E7121DFB5520044CD88 /* Sources */,
				F9E54E7221DFB5520044CD88 /* Frameworks */,
				F9E54E7321DFB5520044CD88 /* Resources */,
			);
			buildRules = (
			);
			dependencies = (
			);
			name = MegaCSP;
			productName = MegaCSP;
			productReference = F9E54E7521DFB5520044CD88 /* MegaCSP.app */;
			productType = "com.apple.product-type.application";
		};
/* End PBXNativeTarget section */

/* Begin PBXProject section */
		F9E54E6D21DFB5520044CD88 /* Project object */ = {
			isa = PBXProject;
			attributes = {
				LastSwiftUpdateCheck = 1000;
				LastUpgradeCheck = 1000;
				ORGANIZATIONNAME = ctec;
				TargetAttributes = {
					F9E54E7421DFB5520044CD88 = {
						CreatedOnToolsVersion = 10.0;
					};
				};
			};
			buildConfigurationList = F9E54E7021DFB5520044CD88 /* Build configuration list for PBXProject "MegaCSP" */;
			compatibilityVersion = "Xcode 9.3";
			developmentRegion = en;
			hasScannedForEncodings = 0;
			knownRegions = (
				en,
				Base,
			);
			mainGroup = F9E54E6C21DFB5520044CD88;
			productRefGroup = F9E54E7621DFB5530044CD88 /* Products */;
			projectDirPath = "";
			projectRoot = "";
			targets = (
				F9E54E7421DFB5520044CD88 /* MegaCSP */,
			);
		};
/* End PBXProject section */

/* Begin PBXResourcesBuildPhase section */
		F9E54E7321DFB5520044CD88 /* Resources */ = {
			isa = PBXResourcesBuildPhase;
			buildActionMask = 2147483647;
			files = (
				F9E54E8321DFB5690044CD88 /* LaunchScreen.storyboard in Resources */,
				F9E54E8021DFB5690044CD88 /* Assets.xcassets in Resources */,
				F9E54E7E21DFB5530044CD88 /* Main.storyboard in Resources */,
			);
			runOnlyForDeploymentPostprocessing = 0;
		};
/* End PBXResourcesBuildPhase section */

/* Begin PBXSourcesBuildPhase section */
		F9E54E7121DFB5520044CD88 /* Sources */ = {
			isa = PBXSourcesBuildPhase;
			buildActionMask = 2147483647;
			files = (
				F99F64AA21E4F81000D6CD61 /* AlgorithmViewController.swift in Sources */,
				F962EF9821DFC38A00139750 /* BucketItemCell.swift in Sources */,
				F962EF9A21DFC39A00139750 /* DataViewController.swift in Sources */,
				F99F64AE21E4F8DB00D6CD61 /* BucketItem.swift in Sources */,
				F962EF8E21DFC2F600139750 /* ArtCollectionViewController.swift in Sources */,
				F9E54E7921DFB5530044CD88 /* AppDelegate.swift in Sources */,
				F967041721DFC58A00AC8020 /* DrawingView.swift in Sources */,
				F967041821DFC58A00AC8020 /* ArtCell.swift in Sources */,
				F962EF9521DFC36400139750 /* AbstractionViewController.swift in Sources */,
			);
			runOnlyForDeploymentPostprocessing = 0;
		};
/* End PBXSourcesBuildPhase section */

/* Begin PBXVariantGroup section */
		F9E54E7C21DFB5530044CD88 /* Main.storyboard */ = {
			isa = PBXVariantGroup;
			children = (
				F9E54E7D21DFB5530044CD88 /* Base */,
			);
			name = Main.storyboard;
			sourceTree = "<group>";
		};
		F9E54E8121DFB5690044CD88 /* LaunchScreen.storyboard */ = {
			isa = PBXVariantGroup;
			children = (
				F9E54E8221DFB5690044CD88 /* Base */,
			);
			name = LaunchScreen.storyboard;
			sourceTree = "<group>";
		};
/* End PBXVariantGroup section */

/* Begin XCBuildConfiguration section */
		F9E54E8521DFB5690044CD88 /* Debug */ = {
			isa = XCBuildConfiguration;
			buildSettings = {
				ALWAYS_SEARCH_USER_PATHS = NO;
				CLANG_ANALYZER_NONNULL = YES;
				CLANG_ANALYZER_NUMBER_OBJECT_CONVERSION = YES_AGGRESSIVE;
				CLANG_CXX_LANGUAGE_STANDARD = "gnu++14";
				CLANG_CXX_LIBRARY = "libc++";
				CLANG_ENABLE_MODULES = YES;
				CLANG_ENABLE_OBJC_ARC = YES;
				CLANG_ENABLE_OBJC_WEAK = YES;
				CLANG_WARN_BLOCK_CAPTURE_AUTORELEASING = YES;
				CLANG_WARN_BOOL_CONVERSION = YES;
				CLANG_WARN_COMMA = YES;
				CLANG_WARN_CONSTANT_CONVERSION = YES;
				CLANG_WARN_DEPRECATED_OBJC_IMPLEMENTATIONS = YES;
				CLANG_WARN_DIRECT_OBJC_ISA_USAGE = YES_ERROR;
				CLANG_WARN_DOCUMENTATION_COMMENTS = YES;
				CLANG_WARN_EMPTY_BODY = YES;
				CLANG_WARN_ENUM_CONVERSION = YES;
				CLANG_WARN_INFINITE_RECURSION = YES;
				CLANG_WARN_INT_CONVERSION = YES;
				CLANG_WARN_NON_LITERAL_NULL_CONVERSION = YES;
				CLANG_WARN_OBJC_IMPLICIT_RETAIN_SELF = YES;
				CLANG_WARN_OBJC_LITERAL_CONVERSION = YES;
				CLANG_WARN_OBJC_ROOT_CLASS = YES_ERROR;
				CLANG_WARN_RANGE_LOOP_ANALYSIS = YES;
				CLANG_WARN_STRICT_PROTOTYPES = YES;
				CLANG_WARN_SUSPICIOUS_MOVE = YES;
				CLANG_WARN_UNGUARDED_AVAILABILITY = YES_AGGRESSIVE;
				CLANG_WARN_UNREACHABLE_CODE = YES;
				CLANG_WARN__DUPLICATE_METHOD_MATCH = YES;
				CODE_SIGN_IDENTITY = "iPhone Developer";
				COPY_PHASE_STRIP = NO;
				DEBUG_INFORMATION_FORMAT = dwarf;
				ENABLE_STRICT_OBJC_MSGSEND = YES;
				ENABLE_TESTABILITY = YES;
				GCC_C_LANGUAGE_STANDARD = gnu11;
				GCC_DYNAMIC_NO_PIC = NO;
				GCC_NO_COMMON_BLOCKS = YES;
				GCC_OPTIMIZATION_LEVEL = 0;
				GCC_PREPROCESSOR_DEFINITIONS = (
					"DEBUG=1",
					"$(inherited)",
				);
				GCC_WARN_64_TO_32_BIT_CONVERSION = YES;
				GCC_WARN_ABOUT_RETURN_TYPE = YES_ERROR;
				GCC_WARN_UNDECLARED_SELECTOR = YES;
				GCC_WARN_UNINITIALIZED_AUTOS = YES_AGGRESSIVE;
				GCC_WARN_UNUSED_FUNCTION = YES;
				GCC_WARN_UNUSED_VARIABLE = YES;
				IPHONEOS_DEPLOYMENT_TARGET = 12.0;
				MTL_ENABLE_DEBUG_INFO = INCLUDE_SOURCE;
				MTL_FAST_MATH = YES;
				ONLY_ACTIVE_ARCH = YES;
				SDKROOT = iphoneos;
				SWIFT_ACTIVE_COMPILATION_CONDITIONS = DEBUG;
				SWIFT_OPTIMIZATION_LEVEL = "-Onone";
			};
			name = Debug;
		};
		F9E54E8621DFB5690044CD88 /* Release */ = {
			isa = XCBuildConfiguration;
			buildSettings = {
				ALWAYS_SEARCH_USER_PATHS = NO;
				CLANG_ANALYZER_NONNULL = YES;
				CLANG_ANALYZER_NUMBER_OBJECT_CONVERSION = YES_AGGRESSIVE;
				CLANG_CXX_LANGUAGE_STANDARD = "gnu++14";
				CLANG_CXX_LIBRARY = "libc++";
				CLANG_ENABLE_MODULES = YES;
				CLANG_ENABLE_OBJC_ARC = YES;
				CLANG_ENABLE_OBJC_WEAK = YES;
				CLANG_WARN_BLOCK_CAPTURE_AUTORELEASING = YES;
				CLANG_WARN_BOOL_CONVERSION = YES;
				CLANG_WARN_COMMA = YES;
				CLANG_WARN_CONSTANT_CONVERSION = YES;
				CLANG_WARN_DEPRECATED_OBJC_IMPLEMENTATIONS = YES;
				CLANG_WARN_DIRECT_OBJC_ISA_USAGE = YES_ERROR;
				CLANG_WARN_DOCUMENTATION_COMMENTS = YES;
				CLANG_WARN_EMPTY_BODY = YES;
				CLANG_WARN_ENUM_CONVERSION = YES;
				CLANG_WARN_INFINITE_RECURSION = YES;
				CLANG_WARN_INT_CONVERSION = YES;
				CLANG_WARN_NON_LITERAL_NULL_CONVERSION = YES;
				CLANG_WARN_OBJC_IMPLICIT_RETAIN_SELF = YES;
				CLANG_WARN_OBJC_LITERAL_CONVERSION = YES;
				CLANG_WARN_OBJC_ROOT_CLASS = YES_ERROR;
				CLANG_WARN_RANGE_LOOP_ANALYSIS = YES;
				CLANG_WARN_STRICT_PROTOTYPES = YES;
				CLANG_WARN_SUSPICIOUS_MOVE = YES;
				CLANG_WARN_UNGUARDED_AVAILABILITY = YES_AGGRESSIVE;
				CLANG_WARN_UNREACHABLE_CODE = YES;
				CLANG_WARN__DUPLICATE_METHOD_MATCH = YES;
				CODE_SIGN_IDENTITY = "iPhone Developer";
				COPY_PHASE_STRIP = NO;
				DEBUG_INFORMATION_FORMAT = "dwarf-with-dsym";
				ENABLE_NS_ASSERTIONS = NO;
				ENABLE_STRICT_OBJC_MSGSEND = YES;
				GCC_C_LANGUAGE_STANDARD = gnu11;
				GCC_NO_COMMON_BLOCKS = YES;
				GCC_WARN_64_TO_32_BIT_CONVERSION = YES;
				GCC_WARN_ABOUT_RETURN_TYPE = YES_ERROR;
				GCC_WARN_UNDECLARED_SELECTOR = YES;
				GCC_WARN_UNINITIALIZED_AUTOS = YES_AGGRESSIVE;
				GCC_WARN_UNUSED_FUNCTION = YES;
				GCC_WARN_UNUSED_VARIABLE = YES;
				IPHONEOS_DEPLOYMENT_TARGET = 12.0;
				MTL_ENABLE_DEBUG_INFO = NO;
				MTL_FAST_MATH = YES;
				SDKROOT = iphoneos;
				SWIFT_COMPILATION_MODE = wholemodule;
				SWIFT_OPTIMIZATION_LEVEL = "-O";
				VALIDATE_PRODUCT = YES;
			};
			name = Release;
		};
		F9E54E8821DFB5690044CD88 /* Debug */ = {
			isa = XCBuildConfiguration;
			buildSettings = {
				ASSETCATALOG_COMPILER_APPICON_NAME = AppIcon;
				CODE_SIGN_STYLE = Automatic;
				INFOPLIST_FILE = "$(SRCROOT)/MegaCSP/Resources /Info.plist";
				LD_RUNPATH_SEARCH_PATHS = (
					"$(inherited)",
					"@executable_path/Frameworks",
				);
				PRODUCT_BUNDLE_IDENTIFIER = com.ctec.MegaCSP;
				PRODUCT_NAME = "$(TARGET_NAME)";
				SWIFT_VERSION = 4.2;
				TARGETED_DEVICE_FAMILY = "1,2";
			};
			name = Debug;
		};
		F9E54E8921DFB5690044CD88 /* Release */ = {
			isa = XCBuildConfiguration;
			buildSettings = {
				ASSETCATALOG_COMPILER_APPICON_NAME = AppIcon;
				CODE_SIGN_STYLE = Automatic;
				INFOPLIST_FILE = "$(SRCROOT)/MegaCSP/Resources /Info.plist";
				LD_RUNPATH_SEARCH_PATHS = (
					"$(inherited)",
					"@executable_path/Frameworks",
				);
				PRODUCT_BUNDLE_IDENTIFIER = com.ctec.MegaCSP;
				PRODUCT_NAME = "$(TARGET_NAME)";
				SWIFT_VERSION = 4.2;
				TARGETED_DEVICE_FAMILY = "1,2";
			};
			name = Release;
		};
/* End XCBuildConfiguration section */

/* Begin XCConfigurationList section */
		F9E54E7021DFB5520044CD88 /* Build configuration list for PBXProject "MegaCSP" */ = {
			isa = XCConfigurationList;
			buildConfigurations = (
				F9E54E8521DFB5690044CD88 /* Debug */,
				F9E54E8621DFB5690044CD88 /* Release */,
			);
			defaultConfigurationIsVisible = 0;
			defaultConfigurationName = Release;
		};
		F9E54E8721DFB5690044CD88 /* Build configuration list for PBXNativeTarget "MegaCSP" */ = {
			isa = XCConfigurationList;
			buildConfigurations = (
				F9E54E8821DFB5690044CD88 /* Debug */,
				F9E54E8921DFB5690044CD88 /* Release */,
			);
			defaultConfigurationIsVisible = 0;
			defaultConfigurationName = Release;
		};
/* End XCConfigurationList section */
	};
	rootObject = F9E54E6D21DFB5520044CD88 /* Project object */;
}
